{
  "name": "team-lunch-chess-elo",
  "version": "1.0.0",
  "lockfileVersion": 1,
  "requires": true,
  "dependencies": {
    "elo-calculator": {
      "version": "1.0.1",
      "resolved": "https://registry.npmjs.org/elo-calculator/-/elo-calculator-1.0.1.tgz",
      "integrity": "sha1-LTLtpwAD0BJNNcYmAbMVP4c3dDk="
    }
  }
}
